
Microsoft Visual Studio Solution File, Format Version 12.00
# Visual Studio Version 16
VisualStudioVersion = 16.0.30114.105
MinimumVisualStudioVersion = 10.0.40219.1
Project("{FAE04EC0-301F-11D3-BF4B-00C04F79EFBC}") = "API", "API\API.csproj", "{2339F88D-6BC5-483F-9D82-EBC413972E77}"
EndProject
Project("{FAE04EC0-301F-11D3-BF4B-00C04F79EFBC}") = "Infraestructura", "Infraestructura\Infraestructura.csproj", "{477B1904-17E8-4E19-9ABB-BB29C062DB2A}"
EndProject
Project("{FAE04EC0-301F-11D3-BF4B-00C04F79EFBC}") = "Core", "Core\Core.csproj", "{7104D114-676C-4F23-82FF-6457C93C3CE2}"
EndProject
Global
	GlobalSection(SolutionConfigurationPlatforms) = preSolution
		Debug|Any CPU = Debug|Any CPU
		Release|Any CPU = Release|Any CPU
	EndGlobalSection
	GlobalSection(SolutionProperties) = preSolution
		HideSolutionNode = FALSE
	EndGlobalSection
	GlobalSection(ProjectConfigurationPlatforms) = postSolution
		{2339F88D-6BC5-483F-9D82-EBC413972E77}.Debug|Any CPU.ActiveCfg = Debug|Any CPU
		{2339F88D-6BC5-483F-9D82-EBC413972E77}.Debug|Any CPU.Build.0 = Debug|Any CPU
		{2339F88D-6BC5-483F-9D82-EBC413972E77}.Release|Any CPU.ActiveCfg = Release|Any CPU
		{2339F88D-6BC5-483F-9D82-EBC413972E77}.Release|Any CPU.Build.0 = Release|Any CPU
		{477B1904-17E8-4E19-9ABB-BB29C062DB2A}.Debug|Any CPU.ActiveCfg = Debug|Any CPU
		{477B1904-17E8-4E19-9ABB-BB29C062DB2A}.Debug|Any CPU.Build.0 = Debug|Any CPU
		{477B1904-17E8-4E19-9ABB-BB29C062DB2A}.Release|Any CPU.ActiveCfg = Release|Any CPU
		{477B1904-17E8-4E19-9ABB-BB29C062DB2A}.Release|Any CPU.Build.0 = Release|Any CPU
		{7104D114-676C-4F23-82FF-6457C93C3CE2}.Debug|Any CPU.ActiveCfg = Debug|Any CPU
		{7104D114-676C-4F23-82FF-6457C93C3CE2}.Debug|Any CPU.Build.0 = Debug|Any CPU
		{7104D114-676C-4F23-82FF-6457C93C3CE2}.Release|Any CPU.ActiveCfg = Release|Any CPU
		{7104D114-676C-4F23-82FF-6457C93C3CE2}.Release|Any CPU.Build.0 = Release|Any CPU
	EndGlobalSection
EndGlobal
